
Microsoft Visual Studio Solution File, Format Version 11.00
# Visual Studio 2010
Project("{FAE04EC0-301F-11D3-BF4B-00C04F79EFBC}") = "Assembly-CSharp", "Assembly-CSharp.csproj", "{40A5E837-870A-ACAD-8DB1-6B93A31AD82B}"
EndProject
Project("{FAE04EC0-301F-11D3-BF4B-00C04F79EFBC}") = "Assembly-CSharp-Editor", "Assembly-CSharp-Editor.csproj", "{A7A643F7-7D62-FEBC-DF3F-58F51B92F61A}"
EndProject
Global
	GlobalSection(SolutionConfigurationPlatforms) = preSolution
		Debug|Any CPU = Debug|Any CPU
		Release|Any CPU = Release|Any CPU
	EndGlobalSection
	GlobalSection(ProjectConfigurationPlatforms) = postSolution
		{40A5E837-870A-ACAD-8DB1-6B93A31AD82B}.Debug|Any CPU.ActiveCfg = Debug|Any CPU
		{40A5E837-870A-ACAD-8DB1-6B93A31AD82B}.Debug|Any CPU.Build.0 = Debug|Any CPU
		{40A5E837-870A-ACAD-8DB1-6B93A31AD82B}.Release|Any CPU.ActiveCfg = Release|Any CPU
		{40A5E837-870A-ACAD-8DB1-6B93A31AD82B}.Release|Any CPU.Build.0 = Release|Any CPU
		{A7A643F7-7D62-FEBC-DF3F-58F51B92F61A}.Debug|Any CPU.ActiveCfg = Debug|Any CPU
		{A7A643F7-7D62-FEBC-DF3F-58F51B92F61A}.Debug|Any CPU.Build.0 = Debug|Any CPU
		{A7A643F7-7D62-FEBC-DF3F-58F51B92F61A}.Release|Any CPU.ActiveCfg = Release|Any CPU
		{A7A643F7-7D62-FEBC-DF3F-58F51B92F61A}.Release|Any CPU.Build.0 = Release|Any CPU
	EndGlobalSection
	GlobalSection(SolutionProperties) = preSolution
		HideSolutionNode = FALSE
	EndGlobalSection
	GlobalSection(MonoDevelopProperties) = preSolution
		StartupItem = Assembly-CSharp.csproj
	EndGlobalSection
EndGlobal
